
Microsoft Visual Studio Solution File, Format Version 12.00
# Visual Studio Version 17
VisualStudioVersion = 17.5.33627.172
MinimumVisualStudioVersion = 10.0.40219.1
Project("{FAE04EC0-301F-11D3-BF4B-00C04F79EFBC}") = "Programacion101_Practica01", "Programacion101_Practica01.csproj", "{3AB54738-9474-4E5F-9ADE-9811A82015AB}"
EndProject
Global
	GlobalSection(SolutionConfigurationPlatforms) = preSolution
		Debug|Any CPU = Debug|Any CPU
		Release|Any CPU = Release|Any CPU
	EndGlobalSection
	GlobalSection(ProjectConfigurationPlatforms) = postSolution
		{3AB54738-9474-4E5F-9ADE-9811A82015AB}.Debug|Any CPU.ActiveCfg = Debug|Any CPU
		{3AB54738-9474-4E5F-9ADE-9811A82015AB}.Debug|Any CPU.Build.0 = Debug|Any CPU
		{3AB54738-9474-4E5F-9ADE-9811A82015AB}.Release|Any CPU.ActiveCfg = Release|Any CPU
		{3AB54738-9474-4E5F-9ADE-9811A82015AB}.Release|Any CPU.Build.0 = Release|Any CPU
	EndGlobalSection
	GlobalSection(SolutionProperties) = preSolution
		HideSolutionNode = FALSE
	EndGlobalSection
	GlobalSection(ExtensibilityGlobals) = postSolution
		SolutionGuid = {8BEAAFC0-D588-4BA0-8848-62FBEB642111}
	EndGlobalSection
EndGlobal
